
Microsoft Visual Studio Solution File, Format Version 12.00
# Visual Studio Version 17
VisualStudioVersion = 17.8.34525.116
MinimumVisualStudioVersion = 10.0.40219.1
Project("{FAE04EC0-301F-11D3-BF4B-00C04F79EFBC}") = "PeScheduleDB", "PeScheduleDB\PeScheduleDB.csproj", "{205E2A74-472E-4DEA-9889-3F9DE72B4DBA}"
EndProject
Global
	GlobalSection(SolutionConfigurationPlatforms) = preSolution
		Debug|Any CPU = Debug|Any CPU
		Release|Any CPU = Release|Any CPU
	EndGlobalSection
	GlobalSection(ProjectConfigurationPlatforms) = postSolution
		{205E2A74-472E-4DEA-9889-3F9DE72B4DBA}.Debug|Any CPU.ActiveCfg = Debug|Any CPU
		{205E2A74-472E-4DEA-9889-3F9DE72B4DBA}.Debug|Any CPU.Build.0 = Debug|Any CPU
		{205E2A74-472E-4DEA-9889-3F9DE72B4DBA}.Release|Any CPU.ActiveCfg = Release|Any CPU
		{205E2A74-472E-4DEA-9889-3F9DE72B4DBA}.Release|Any CPU.Build.0 = Release|Any CPU
	EndGlobalSection
	GlobalSection(SolutionProperties) = preSolution
		HideSolutionNode = FALSE
	EndGlobalSection
	GlobalSection(ExtensibilityGlobals) = postSolution
		SolutionGuid = {7A81F09E-4D59-4274-A143-160F525B83F2}
	EndGlobalSection
EndGlobal
